
Microsoft Visual Studio Solution File, Format Version 12.00
# Visual Studio 15
VisualStudioVersion = 15.0.28307.106
MinimumVisualStudioVersion = 10.0.40219.1
Project("{FAE04EC0-301F-11D3-BF4B-00C04F79EFBC}") = "MemberManagement", "MemberManagement\MemberManagement.csproj", "{A62E05A6-AAF5-4968-9EB3-41F53CB208DA}"
EndProject
Project("{FAE04EC0-301F-11D3-BF4B-00C04F79EFBC}") = "MemberManagement.Tests", "MemberManagement.Tests\MemberManagement.Tests.csproj", "{82269922-C127-4D33-A478-2AE92A49EC53}"
EndProject
Global
	GlobalSection(SolutionConfigurationPlatforms) = preSolution
		Debug|Any CPU = Debug|Any CPU
		Release|Any CPU = Release|Any CPU
	EndGlobalSection
	GlobalSection(ProjectConfigurationPlatforms) = postSolution
		{A62E05A6-AAF5-4968-9EB3-41F53CB208DA}.Debug|Any CPU.ActiveCfg = Debug|Any CPU
		{A62E05A6-AAF5-4968-9EB3-41F53CB208DA}.Debug|Any CPU.Build.0 = Debug|Any CPU
		{A62E05A6-AAF5-4968-9EB3-41F53CB208DA}.Release|Any CPU.ActiveCfg = Release|Any CPU
		{A62E05A6-AAF5-4968-9EB3-41F53CB208DA}.Release|Any CPU.Build.0 = Release|Any CPU
		{82269922-C127-4D33-A478-2AE92A49EC53}.Debug|Any CPU.ActiveCfg = Debug|Any CPU
		{82269922-C127-4D33-A478-2AE92A49EC53}.Debug|Any CPU.Build.0 = Debug|Any CPU
		{82269922-C127-4D33-A478-2AE92A49EC53}.Release|Any CPU.ActiveCfg = Release|Any CPU
		{82269922-C127-4D33-A478-2AE92A49EC53}.Release|Any CPU.Build.0 = Release|Any CPU
	EndGlobalSection
	GlobalSection(SolutionProperties) = preSolution
		HideSolutionNode = FALSE
	EndGlobalSection
	GlobalSection(ExtensibilityGlobals) = postSolution
		SolutionGuid = {957404D4-E5D4-4073-8F8B-7D21C0B10C48}
	EndGlobalSection
EndGlobal
